github.com/cohesion-org/deepseek-go v1.3.1 h1:Xr/56CLeMzV/tcf2cjv6Kb3zH2MH+3qCGdpqlkK6dks=
github.com/cohesion-org/deepseek-go v1.3.1/go.mod h1:bOVyKj38r90UEYZFrmJOzJKPxuAh8sIzHOCnLOpiXeI=
github.com/davecgh/go-spew v1.1.2-0.20180830191138-d8f796af33cc h1:U9qPSI2PIWSS1VwoXQT9A3Wy9MM3WgvqSxFWenqJduM=
github.com/davecgh/go-spew v1.1.2-0.20180830191138-d8f796af33cc/go.mod h1:J7Y8YcW2NihsgmVo/mv3lAwl/skON4iLHjSsI+c5H38=
github.com/google/go-cmp v0.6.0 h1:ofyhxvXcZhMsU5ulbFiLKl/XBFqE1GSq7atu8tAmTRI=
github.com/google/go-cmp v0.6.0/go.mod h1:17dUlkBOakJ0+DkrSSNjCkIjxS6bF9zb3elmeNGIjoY=
github.com/joho/godotenv v1.5.1 h1:7eLL/+HRGLY0ldzfGMeQkb7vMd0as4CfYvUVzLqw0N0=
github.com/joho/godotenv v1.5.1/go.mod h1:f4LDr5Voq0i2e/R5DDNOoa2zzDfwtkZa6DnEwAbqwq4=
github.com/ollama/ollama v0.6.5 h1:vXKkVX57ql/1ZzMw4SVK866Qfd6pjwEcITVyEpF0QXQ=
github.com/ollama/ollama v0.6.5/go.mod h1:pGgtoNyc9DdM6oZI6yMfI6jTk2Eh4c36c2GpfQCH7PY=
github.com/pmezard/go-difflib v1.0.1-0.20181226105442-5d4384ee4fb2 h1:Jamvg5psRIccs7FGNTlIRMkT8wgtp5eCXdBlqhYGL6U=
github.com/pmezard/go-difflib v1.0.1-0.20181226105442-5d4384ee4fb2/go.mod h1:iKH77koFhYxTK1pcRnkKkqfTogsbg7gZNVY4sRDYZ/4=
github.com/stretchr/testify v1.10.0 h1:Xv5erBjTwe/5IxqUQTdXv5kgmIvbHo3QQyRwhJsOfJA=
github.com/stretchr/testify v1.10.0/go.mod h1:r2ic/lqez/lEtzL7wO/rwa5dbSLXVDPFyf8C91i36aY=
github.com/yumosx/got v1.0.1 h1:RLXxMm3M8wbFy3Ei5Zsw1+mh0iEOkrBOA9fqKpM3PyI=
github.com/yumosx/got v1.0.1/go.mod h1:KpDLzVDBhxqFwzSeRcti7t71VGI58O5vCWMTvkPcER8=
gopkg.in/yaml.v3 v3.0.1 h1:fxVm/GzAzEWqLHuvctI91KS9hhNmmWOoWu0XTYJS7CA=
gopkg.in/yaml.v3 v3.0.1/go.mod h1:K4uyk7z7BCEPqu6E+C64Yfv1cQ7kz7rIZviUmN+EgEM=
